Microsoft Visual Studio Solution File, Format Version 12.00
# Visual Studio Version 17
VisualStudioVersion = 17.13.35913.81
MinimumVisualStudioVersion = 10.0.40219.1
Project("{FAE04EC0-301F-11D3-BF4B-00C04F79EFBC}") = "MQBroker", "MQBroker\MQBroker.csproj", "{A3FF09FB-88CD-47BA-94CC-B863ED3A8C95}"
EndProject
Project("{FAE04EC0-301F-11D3-BF4B-00C04F79EFBC}") = "MQBrokerClient", "MQBrokerClient\MQBrokerClient.csproj", "{ACF97F1E-63B4-4847-AC27-D51A7CF9FBE8}"
EndProject
Project("{FAE04EC0-301F-11D3-BF4B-00C04F79EFBC}") = "App", "App\App.csproj", "{D51B509C-6F0F-4F5D-9137-3BD33B356B02}"
EndProject
Project("{FAE04EC0-301F-11D3-BF4B-00C04F79EFBC}") = "Listas", "Listas\Listas.csproj", "{2D427660-EBE1-FE61-CD80-144B4F5AD2F0}"
EndProject
Project("{FAE04EC0-301F-11D3-BF4B-00C04F79EFBC}") = "pilasycolas", "pilasycolas\pilasycolas.csproj", "{1F3B3BEA-7C6A-C286-9BBA-150FD0FE79E2}"
EndProject
Global
	GlobalSection(SolutionConfigurationPlatforms) = preSolution
		Debug|Any CPU = Debug|Any CPU
		Release|Any CPU = Release|Any CPU
	EndGlobalSection
	GlobalSection(ProjectConfigurationPlatforms) = postSolution
		{A3FF09FB-88CD-47BA-94CC-B863ED3A8C95}.Debug|Any CPU.ActiveCfg = Debug|Any CPU
		{A3FF09FB-88CD-47BA-94CC-B863ED3A8C95}.Debug|Any CPU.Build.0 = Debug|Any CPU
		{A3FF09FB-88CD-47BA-94CC-B863ED3A8C95}.Release|Any CPU.ActiveCfg = Release|Any CPU
		{A3FF09FB-88CD-47BA-94CC-B863ED3A8C95}.Release|Any CPU.Build.0 = Release|Any CPU
		{ACF97F1E-63B4-4847-AC27-D51A7CF9FBE8}.Debug|Any CPU.ActiveCfg = Debug|Any CPU
		{ACF97F1E-63B4-4847-AC27-D51A7CF9FBE8}.Debug|Any CPU.Build.0 = Debug|Any CPU
		{ACF97F1E-63B4-4847-AC27-D51A7CF9FBE8}.Release|Any CPU.ActiveCfg = Release|Any CPU
		{ACF97F1E-63B4-4847-AC27-D51A7CF9FBE8}.Release|Any CPU.Build.0 = Release|Any CPU
		{D51B509C-6F0F-4F5D-9137-3BD33B356B02}.Debug|Any CPU.ActiveCfg = Debug|Any CPU
		{D51B509C-6F0F-4F5D-9137-3BD33B356B02}.Debug|Any CPU.Build.0 = Debug|Any CPU
		{D51B509C-6F0F-4F5D-9137-3BD33B356B02}.Release|Any CPU.ActiveCfg = Release|Any CPU
		{D51B509C-6F0F-4F5D-9137-3BD33B356B02}.Release|Any CPU.Build.0 = Release|Any CPU
		{2D427660-EBE1-FE61-CD80-144B4F5AD2F0}.Debug|Any CPU.ActiveCfg = Debug|Any CPU
		{2D427660-EBE1-FE61-CD80-144B4F5AD2F0}.Debug|Any CPU.Build.0 = Debug|Any CPU
		{2D427660-EBE1-FE61-CD80-144B4F5AD2F0}.Release|Any CPU.ActiveCfg = Release|Any CPU
		{2D427660-EBE1-FE61-CD80-144B4F5AD2F0}.Release|Any CPU.Build.0 = Release|Any CPU
		{1F3B3BEA-7C6A-C286-9BBA-150FD0FE79E2}.Debug|Any CPU.ActiveCfg = Debug|Any CPU
		{1F3B3BEA-7C6A-C286-9BBA-150FD0FE79E2}.Debug|Any CPU.Build.0 = Debug|Any CPU
		{1F3B3BEA-7C6A-C286-9BBA-150FD0FE79E2}.Release|Any CPU.ActiveCfg = Release|Any CPU
		{1F3B3BEA-7C6A-C286-9BBA-150FD0FE79E2}.Release|Any CPU.Build.0 = Release|Any CPU
	EndGlobalSection
	GlobalSection(SolutionProperties) = preSolution
		HideSolutionNode = FALSE
	EndGlobalSection
	GlobalSection(ExtensibilityGlobals) = postSolution
		SolutionGuid = {5F613F7E-7A6D-42DC-90E3-29AB4E3E5582}
	EndGlobalSection
EndGlobal
