Microsoft Visual Studio Solution File, Format Version 12.00
# Visual Studio Version 17
VisualStudioVersion = 17.13.35913.81
MinimumVisualStudioVersion = 10.0.40219.1
Project("{FAE04EC0-301F-11D3-BF4B-00C04F79EFBC}") = "MQBroker", "MQBroker\MQBroker.csproj", "{A3FF09FB-88CD-47BA-94CC-B863ED3A8C95}"
EndProject
Global
	GlobalSection(SolutionConfigurationPlatforms) = preSolution
		Debug|Any CPU = Debug|Any CPU
		Release|Any CPU = Release|Any CPU
	EndGlobalSection
	GlobalSection(ProjectConfigurationPlatforms) = postSolution
		{A3FF09FB-88CD-47BA-94CC-B863ED3A8C95}.Debug|Any CPU.ActiveCfg = Debug|Any CPU
		{A3FF09FB-88CD-47BA-94CC-B863ED3A8C95}.Debug|Any CPU.Build.0 = Debug|Any CPU
		{A3FF09FB-88CD-47BA-94CC-B863ED3A8C95}.Release|Any CPU.ActiveCfg = Release|Any CPU
		{A3FF09FB-88CD-47BA-94CC-B863ED3A8C95}.Release|Any CPU.Build.0 = Release|Any CPU
	EndGlobalSection
	GlobalSection(SolutionProperties) = preSolution
		HideSolutionNode = FALSE
	EndGlobalSection
	GlobalSection(ExtensibilityGlobals) = postSolution
		SolutionGuid = {5F613F7E-7A6D-42DC-90E3-29AB4E3E5582}
	EndGlobalSection
EndGlobal
